
Microsoft Visual Studio Solution File, Format Version 12.00
# Visual Studio 15
VisualStudioVersion = 15.0.28010.2036
MinimumVisualStudioVersion = 10.0.40219.1
Project("{9A19103F-16F7-4668-BE54-9A1E7A4F7556}") = "MorseCode", "MorseCode\MorseCode.csproj", "{20F75A9D-8DA9-4BE4-89BC-143997821D97}"
EndProject
Project("{9A19103F-16F7-4668-BE54-9A1E7A4F7556}") = "DemoMorseCodeApp", "DemoMordeCodeApp\DemoMorseCodeApp.csproj", "{44947E52-B8A6-4B67-A239-18A02DFC2362}"
EndProject
Global
	GlobalSection(SolutionConfigurationPlatforms) = preSolution
		Debug|Any CPU = Debug|Any CPU
		Release|Any CPU = Release|Any CPU
	EndGlobalSection
	GlobalSection(ProjectConfigurationPlatforms) = postSolution
		{20F75A9D-8DA9-4BE4-89BC-143997821D97}.Debug|Any CPU.ActiveCfg = Debug|Any CPU
		{20F75A9D-8DA9-4BE4-89BC-143997821D97}.Debug|Any CPU.Build.0 = Debug|Any CPU
		{20F75A9D-8DA9-4BE4-89BC-143997821D97}.Release|Any CPU.ActiveCfg = Release|Any CPU
		{20F75A9D-8DA9-4BE4-89BC-143997821D97}.Release|Any CPU.Build.0 = Release|Any CPU
		{44947E52-B8A6-4B67-A239-18A02DFC2362}.Debug|Any CPU.ActiveCfg = Debug|Any CPU
		{44947E52-B8A6-4B67-A239-18A02DFC2362}.Debug|Any CPU.Build.0 = Debug|Any CPU
		{44947E52-B8A6-4B67-A239-18A02DFC2362}.Release|Any CPU.ActiveCfg = Release|Any CPU
		{44947E52-B8A6-4B67-A239-18A02DFC2362}.Release|Any CPU.Build.0 = Release|Any CPU
	EndGlobalSection
	GlobalSection(SolutionProperties) = preSolution
		HideSolutionNode = FALSE
	EndGlobalSection
	GlobalSection(ExtensibilityGlobals) = postSolution
		SolutionGuid = {2B5E8ED1-068F-458E-A2FA-A53368DE1CF5}
	EndGlobalSection
EndGlobal
